
Microsoft Visual Studio Solution File, Format Version 12.00
# Visual Studio Version 16
VisualStudioVersion = 16.0.33529.622
MinimumVisualStudioVersion = 10.0.40219.1
Project("{9A19103F-16F7-4668-BE54-9A1E7A4F7556}") = "GameCore.Specs", "GameCore.specs\GameCore.Specs.csproj", "{BEB964BC-8EDA-49C3-9601-D938D1915806}"
EndProject
Project("{9A19103F-16F7-4668-BE54-9A1E7A4F7556}") = "GameCore", "GameCore\GameCore.csproj", "{62895469-DF64-48A0-A0E5-5290BB612474}"
EndProject
Global
	GlobalSection(SolutionConfigurationPlatforms) = preSolution
		Debug|Any CPU = Debug|Any CPU
		Release|Any CPU = Release|Any CPU
	EndGlobalSection
	GlobalSection(ProjectConfigurationPlatforms) = postSolution
		{BEB964BC-8EDA-49C3-9601-D938D1915806}.Debug|Any CPU.ActiveCfg = Debug|Any CPU
		{BEB964BC-8EDA-49C3-9601-D938D1915806}.Debug|Any CPU.Build.0 = Debug|Any CPU
		{BEB964BC-8EDA-49C3-9601-D938D1915806}.Release|Any CPU.ActiveCfg = Release|Any CPU
		{BEB964BC-8EDA-49C3-9601-D938D1915806}.Release|Any CPU.Build.0 = Release|Any CPU
		{62895469-DF64-48A0-A0E5-5290BB612474}.Debug|Any CPU.ActiveCfg = Debug|Any CPU
		{62895469-DF64-48A0-A0E5-5290BB612474}.Debug|Any CPU.Build.0 = Debug|Any CPU
		{62895469-DF64-48A0-A0E5-5290BB612474}.Release|Any CPU.ActiveCfg = Release|Any CPU
		{62895469-DF64-48A0-A0E5-5290BB612474}.Release|Any CPU.Build.0 = Release|Any CPU
	EndGlobalSection
	GlobalSection(SolutionProperties) = preSolution
		HideSolutionNode = FALSE
	EndGlobalSection
	GlobalSection(ExtensibilityGlobals) = postSolution
		SolutionGuid = {0347034E-6A09-4B0E-B5A6-A4BF6586112A}
	EndGlobalSection
EndGlobal
